{
  "version": 1,
  "dependencies": {
    "net10.0": {
      "archivebridge.application": {
        "type": "Project",
        "dependencies": {
          "ArchiveBridge.Contracts": "[1.0.0, )",
          "ArchiveBridge.Domain": "[1.0.0, )"
        }
      },
      "archivebridge.contracts": {
        "type": "Project",
        "dependencies": {
          "ArchiveBridge.Domain": "[1.0.0, )"
        }
      },
      "archivebridge.domain": {
        "type": "Project"
      },
      "archivebridge.infrastructure": {
        "type": "Project",
        "dependencies": {
          "ArchiveBridge.Contracts": "[1.0.0, )",
          "ArchiveBridge.Domain": "[1.0.0, )"
        }
      }
    }
  }
}