
Microsoft Visual Studio Solution File, Format Version 12.00
# Visual Studio Version 17
VisualStudioVersion = 17.0.31903.59
MinimumVisualStudioVersion = 10.0.40219.1
Project("{2150E333-8FDC-42A3-9474-1A3956D46DE8}") = "src", "src", "{827E0CD3-B72D-47B6-A68D-7590B98EB39B}"
EndProject
Project("{FAE04EC0-301F-11D3-BF4B-00C04F79EFBC}") = "ArchiveBridge.Application", "src\ArchiveBridge.Application\ArchiveBridge.Application.csproj", "{268055F9-2E4E-484C-8645-777CD3D81F09}"
EndProject
Project("{FAE04EC0-301F-11D3-BF4B-00C04F79EFBC}") = "ArchiveBridge.Domain", "src\ArchiveBridge.Domain\ArchiveBridge.Domain.csproj", "{6D0507DD-111C-4679-B757-0AA0A952A9AC}"
EndProject
Project("{FAE04EC0-301F-11D3-BF4B-00C04F79EFBC}") = "ArchiveBridge.Contracts", "src\ArchiveBridge.Contracts\ArchiveBridge.Contracts.csproj", "{B67BA874-DC56-44C9-B057-A49C474ED35A}"
EndProject
Project("{FAE04EC0-301F-11D3-BF4B-00C04F79EFBC}") = "ArchiveBridge.ControlPlane", "src\ArchiveBridge.ControlPlane\ArchiveBridge.ControlPlane.csproj", "{8B541FF9-5B5D-4F5F-8966-E5B07C034A77}"
EndProject
Project("{FAE04EC0-301F-11D3-BF4B-00C04F79EFBC}") = "ArchiveBridge.Infrastructure", "src\ArchiveBridge.Infrastructure\ArchiveBridge.Infrastructure.csproj", "{F9437149-07A2-4143-806D-28813A4C8A83}"
EndProject
Project("{FAE04EC0-301F-11D3-BF4B-00C04F79EFBC}") = "ArchiveBridge.Workers.Ev", "src\ArchiveBridge.Workers.Ev\ArchiveBridge.Workers.Ev.csproj", "{5845FE66-4C41-49CE-882D-8D0A545A6EBC}"
EndProject
Project("{FAE04EC0-301F-11D3-BF4B-00C04F79EFBC}") = "ArchiveBridge.Workers.Evidence", "src\ArchiveBridge.Workers.Evidence\ArchiveBridge.Workers.Evidence.csproj", "{DC0FF3E3-DBC5-4BDF-8E88-91978029B38A}"
EndProject
Project("{FAE04EC0-301F-11D3-BF4B-00C04F79EFBC}") = "ArchiveBridge.Workers.Pst", "src\ArchiveBridge.Workers.Pst\ArchiveBridge.Workers.Pst.csproj", "{975B4DC6-35EB-467E-BA3C-5F62B95B81F8}"
EndProject
Project("{FAE04EC0-301F-11D3-BF4B-00C04F79EFBC}") = "ArchiveBridge.Workers.Reconciliation", "src\ArchiveBridge.Workers.Reconciliation\ArchiveBridge.Workers.Reconciliation.csproj", "{4455A780-B34E-427F-99FE-FFA1584067F4}"
EndProject
Project("{FAE04EC0-301F-11D3-BF4B-00C04F79EFBC}") = "ArchiveBridge.Workers.Upload", "src\ArchiveBridge.Workers.Upload\ArchiveBridge.Workers.Upload.csproj", "{235D5439-CF9F-40B2-8211-31CD781BBA7C}"
EndProject
Project("{2150E333-8FDC-42A3-9474-1A3956D46DE8}") = "tests", "tests", "{0AB3BF05-4346-4AA6-1389-037BE0695223}"
EndProject
Project("{FAE04EC0-301F-11D3-BF4B-00C04F79EFBC}") = "ArchiveBridge.Application.Tests", "tests\ArchiveBridge.Application.Tests\ArchiveBridge.Application.Tests.csproj", "{60F9209B-D70B-498F-8BB9-8E1FB019699E}"
EndProject
Project("{FAE04EC0-301F-11D3-BF4B-00C04F79EFBC}") = "ArchiveBridge.Architecture.Tests", "tests\ArchiveBridge.Architecture.Tests\ArchiveBridge.Architecture.Tests.csproj", "{E567ED9C-D56B-4334-BBBC-22855F7323C4}"
EndProject
Project("{FAE04EC0-301F-11D3-BF4B-00C04F79EFBC}") = "ArchiveBridge.Contracts.Tests", "tests\ArchiveBridge.Contracts.Tests\ArchiveBridge.Contracts.Tests.csproj", "{AAB9F6DE-50AD-4640-A356-9242D7FFADF1}"
EndProject
Project("{FAE04EC0-301F-11D3-BF4B-00C04F79EFBC}") = "ArchiveBridge.Domain.Tests", "tests\ArchiveBridge.Domain.Tests\ArchiveBridge.Domain.Tests.csproj", "{069E9EBF-0D88-41C2-89E7-D5BD8A88A2BE}"
EndProject
Project("{FAE04EC0-301F-11D3-BF4B-00C04F79EFBC}") = "ArchiveBridge.Integration.Tests", "tests\ArchiveBridge.Integration.Tests\ArchiveBridge.Integration.Tests.csproj", "{F0D5165C-8A9E-4956-83BD-AAF2E0A3404B}"
EndProject
Global
	GlobalSection(SolutionConfigurationPlatforms) = preSolution
		Debug|Any CPU = Debug|Any CPU
		Debug|x64 = Debug|x64
		Debug|x86 = Debug|x86
		Release|Any CPU = Release|Any CPU
		Release|x64 = Release|x64
		Release|x86 = Release|x86
	EndGlobalSection
	GlobalSection(ProjectConfigurationPlatforms) = postSolution
		{268055F9-2E4E-484C-8645-777CD3D81F09}.Debug|Any CPU.ActiveCfg = Debug|Any CPU
		{268055F9-2E4E-484C-8645-777CD3D81F09}.Debug|Any CPU.Build.0 = Debug|Any CPU
		{268055F9-2E4E-484C-8645-777CD3D81F09}.Debug|x64.ActiveCfg = Debug|Any CPU
		{268055F9-2E4E-484C-8645-777CD3D81F09}.Debug|x64.Build.0 = Debug|Any CPU
		{268055F9-2E4E-484C-8645-777CD3D81F09}.Debug|x86.ActiveCfg = Debug|Any CPU
		{268055F9-2E4E-484C-8645-777CD3D81F09}.Debug|x86.Build.0 = Debug|Any CPU
		{268055F9-2E4E-484C-8645-777CD3D81F09}.Release|Any CPU.ActiveCfg = Release|Any CPU
		{268055F9-2E4E-484C-8645-777CD3D81F09}.Release|Any CPU.Build.0 = Release|Any CPU
		{268055F9-2E4E-484C-8645-777CD3D81F09}.Release|x64.ActiveCfg = Release|Any CPU
		{268055F9-2E4E-484C-8645-777CD3D81F09}.Release|x64.Build.0 = Release|Any CPU
		{268055F9-2E4E-484C-8645-777CD3D81F09}.Release|x86.ActiveCfg = Release|Any CPU
		{268055F9-2E4E-484C-8645-777CD3D81F09}.Release|x86.Build.0 = Release|Any CPU
		{6D0507DD-111C-4679-B757-0AA0A952A9AC}.Debug|Any CPU.ActiveCfg = Debug|Any CPU
		{6D0507DD-111C-4679-B757-0AA0A952A9AC}.Debug|Any CPU.Build.0 = Debug|Any CPU
		{6D0507DD-111C-4679-B757-0AA0A952A9AC}.Debug|x64.ActiveCfg = Debug|Any CPU
		{6D0507DD-111C-4679-B757-0AA0A952A9AC}.Debug|x64.Build.0 = Debug|Any CPU
		{6D0507DD-111C-4679-B757-0AA0A952A9AC}.Debug|x86.ActiveCfg = Debug|Any CPU
		{6D0507DD-111C-4679-B757-0AA0A952A9AC}.Debug|x86.Build.0 = Debug|Any CPU
		{6D0507DD-111C-4679-B757-0AA0A952A9AC}.Release|Any CPU.ActiveCfg = Release|Any CPU
		{6D0507DD-111C-4679-B757-0AA0A952A9AC}.Release|Any CPU.Build.0 = Release|Any CPU
		{6D0507DD-111C-4679-B757-0AA0A952A9AC}.Release|x64.ActiveCfg = Release|Any CPU
		{6D0507DD-111C-4679-B757-0AA0A952A9AC}.Release|x64.Build.0 = Release|Any CPU
		{6D0507DD-111C-4679-B757-0AA0A952A9AC}.Release|x86.ActiveCfg = Release|Any CPU
		{6D0507DD-111C-4679-B757-0AA0A952A9AC}.Release|x86.Build.0 = Release|Any CPU
		{B67BA874-DC56-44C9-B057-A49C474ED35A}.Debug|Any CPU.ActiveCfg = Debug|Any CPU
		{B67BA874-DC56-44C9-B057-A49C474ED35A}.Debug|Any CPU.Build.0 = Debug|Any CPU
		{B67BA874-DC56-44C9-B057-A49C474ED35A}.Debug|x64.ActiveCfg = Debug|Any CPU
		{B67BA874-DC56-44C9-B057-A49C474ED35A}.Debug|x64.Build.0 = Debug|Any CPU
		{B67BA874-DC56-44C9-B057-A49C474ED35A}.Debug|x86.ActiveCfg = Debug|Any CPU
		{B67BA874-DC56-44C9-B057-A49C474ED35A}.Debug|x86.Build.0 = Debug|Any CPU
		{B67BA874-DC56-44C9-B057-A49C474ED35A}.Release|Any CPU.ActiveCfg = Release|Any CPU
		{B67BA874-DC56-44C9-B057-A49C474ED35A}.Release|Any CPU.Build.0 = Release|Any CPU
		{B67BA874-DC56-44C9-B057-A49C474ED35A}.Release|x64.ActiveCfg = Release|Any CPU
		{B67BA874-DC56-44C9-B057-A49C474ED35A}.Release|x64.Build.0 = Release|Any CPU
		{B67BA874-DC56-44C9-B057-A49C474ED35A}.Release|x86.ActiveCfg = Release|Any CPU
		{B67BA874-DC56-44C9-B057-A49C474ED35A}.Release|x86.Build.0 = Release|Any CPU
		{8B541FF9-5B5D-4F5F-8966-E5B07C034A77}.Debug|Any CPU.ActiveCfg = Debug|Any CPU
		{8B541FF9-5B5D-4F5F-8966-E5B07C034A77}.Debug|Any CPU.Build.0 = Debug|Any CPU
		{8B541FF9-5B5D-4F5F-8966-E5B07C034A77}.Debug|x64.ActiveCfg = Debug|Any CPU
		{8B541FF9-5B5D-4F5F-8966-E5B07C034A77}.Debug|x64.Build.0 = Debug|Any CPU
		{8B541FF9-5B5D-4F5F-8966-E5B07C034A77}.Debug|x86.ActiveCfg = Debug|Any CPU
		{8B541FF9-5B5D-4F5F-8966-E5B07C034A77}.Debug|x86.Build.0 = Debug|Any CPU
		{8B541FF9-5B5D-4F5F-8966-E5B07C034A77}.Release|Any CPU.ActiveCfg = Release|Any CPU
		{8B541FF9-5B5D-4F5F-8966-E5B07C034A77}.Release|Any CPU.Build.0 = Release|Any CPU
		{8B541FF9-5B5D-4F5F-8966-E5B07C034A77}.Release|x64.ActiveCfg = Release|Any CPU
		{8B541FF9-5B5D-4F5F-8966-E5B07C034A77}.Release|x64.Build.0 = Release|Any CPU
		{8B541FF9-5B5D-4F5F-8966-E5B07C034A77}.Release|x86.ActiveCfg = Release|Any CPU
		{8B541FF9-5B5D-4F5F-8966-E5B07C034A77}.Release|x86.Build.0 = Release|Any CPU
		{F9437149-07A2-4143-806D-28813A4C8A83}.Debug|Any CPU.ActiveCfg = Debug|Any CPU
		{F9437149-07A2-4143-806D-28813A4C8A83}.Debug|Any CPU.Build.0 = Debug|Any CPU
		{F9437149-07A2-4143-806D-28813A4C8A83}.Debug|x64.ActiveCfg = Debug|Any CPU
		{F9437149-07A2-4143-806D-28813A4C8A83}.Debug|x64.Build.0 = Debug|Any CPU
		{F9437149-07A2-4143-806D-28813A4C8A83}.Debug|x86.ActiveCfg = Debug|Any CPU
		{F9437149-07A2-4143-806D-28813A4C8A83}.Debug|x86.Build.0 = Debug|Any CPU
		{F9437149-07A2-4143-806D-28813A4C8A83}.Release|Any CPU.ActiveCfg = Release|Any CPU
		{F9437149-07A2-4143-806D-28813A4C8A83}.Release|Any CPU.Build.0 = Release|Any CPU
		{F9437149-07A2-4143-806D-28813A4C8A83}.Release|x64.ActiveCfg = Release|Any CPU
		{F9437149-07A2-4143-806D-28813A4C8A83}.Release|x64.Build.0 = Release|Any CPU
		{F9437149-07A2-4143-806D-28813A4C8A83}.Release|x86.ActiveCfg = Release|Any CPU
		{F9437149-07A2-4143-806D-28813A4C8A83}.Release|x86.Build.0 = Release|Any CPU
		{5845FE66-4C41-49CE-882D-8D0A545A6EBC}.Debug|Any CPU.ActiveCfg = Debug|Any CPU
		{5845FE66-4C41-49CE-882D-8D0A545A6EBC}.Debug|Any CPU.Build.0 = Debug|Any CPU
		{5845FE66-4C41-49CE-882D-8D0A545A6EBC}.Debug|x64.ActiveCfg = Debug|Any CPU
		{5845FE66-4C41-49CE-882D-8D0A545A6EBC}.Debug|x64.Build.0 = Debug|Any CPU
		{5845FE66-4C41-49CE-882D-8D0A545A6EBC}.Debug|x86.ActiveCfg = Debug|Any CPU
		{5845FE66-4C41-49CE-882D-8D0A545A6EBC}.Debug|x86.Build.0 = Debug|Any CPU
		{5845FE66-4C41-49CE-882D-8D0A545A6EBC}.Release|Any CPU.ActiveCfg = Release|Any CPU
		{5845FE66-4C41-49CE-882D-8D0A545A6EBC}.Release|Any CPU.Build.0 = Release|Any CPU
		{5845FE66-4C41-49CE-882D-8D0A545A6EBC}.Release|x64.ActiveCfg = Release|Any CPU
		{5845FE66-4C41-49CE-882D-8D0A545A6EBC}.Release|x64.Build.0 = Release|Any CPU
		{5845FE66-4C41-49CE-882D-8D0A545A6EBC}.Release|x86.ActiveCfg = Release|Any CPU
		{5845FE66-4C41-49CE-882D-8D0A545A6EBC}.Release|x86.Build.0 = Release|Any CPU
		{DC0FF3E3-DBC5-4BDF-8E88-91978029B38A}.Debug|Any CPU.ActiveCfg = Debug|Any CPU
		{DC0FF3E3-DBC5-4BDF-8E88-91978029B38A}.Debug|Any CPU.Build.0 = Debug|Any CPU
		{DC0FF3E3-DBC5-4BDF-8E88-91978029B38A}.Debug|x64.ActiveCfg = Debug|Any CPU
		{DC0FF3E3-DBC5-4BDF-8E88-91978029B38A}.Debug|x64.Build.0 = Debug|Any CPU
		{DC0FF3E3-DBC5-4BDF-8E88-91978029B38A}.Debug|x86.ActiveCfg = Debug|Any CPU
		{DC0FF3E3-DBC5-4BDF-8E88-91978029B38A}.Debug|x86.Build.0 = Debug|Any CPU
		{DC0FF3E3-DBC5-4BDF-8E88-91978029B38A}.Release|Any CPU.ActiveCfg = Release|Any CPU
		{DC0FF3E3-DBC5-4BDF-8E88-91978029B38A}.Release|Any CPU.Build.0 = Release|Any CPU
		{DC0FF3E3-DBC5-4BDF-8E88-91978029B38A}.Release|x64.ActiveCfg = Release|Any CPU
		{DC0FF3E3-DBC5-4BDF-8E88-91978029B38A}.Release|x64.Build.0 = Release|Any CPU
		{DC0FF3E3-DBC5-4BDF-8E88-91978029B38A}.Release|x86.ActiveCfg = Release|Any CPU
		{DC0FF3E3-DBC5-4BDF-8E88-91978029B38A}.Release|x86.Build.0 = Release|Any CPU
		{975B4DC6-35EB-467E-BA3C-5F62B95B81F8}.Debug|Any CPU.ActiveCfg = Debug|Any CPU
		{975B4DC6-35EB-467E-BA3C-5F62B95B81F8}.Debug|Any CPU.Build.0 = Debug|Any CPU
		{975B4DC6-35EB-467E-BA3C-5F62B95B81F8}.Debug|x64.ActiveCfg = Debug|Any CPU
		{975B4DC6-35EB-467E-BA3C-5F62B95B81F8}.Debug|x64.Build.0 = Debug|Any CPU
		{975B4DC6-35EB-467E-BA3C-5F62B95B81F8}.Debug|x86.ActiveCfg = Debug|Any CPU
		{975B4DC6-35EB-467E-BA3C-5F62B95B81F8}.Debug|x86.Build.0 = Debug|Any CPU
		{975B4DC6-35EB-467E-BA3C-5F62B95B81F8}.Release|Any CPU.ActiveCfg = Release|Any CPU
		{975B4DC6-35EB-467E-BA3C-5F62B95B81F8}.Release|Any CPU.Build.0 = Release|Any CPU
		{975B4DC6-35EB-467E-BA3C-5F62B95B81F8}.Release|x64.ActiveCfg = Release|Any CPU
		{975B4DC6-35EB-467E-BA3C-5F62B95B81F8}.Release|x64.Build.0 = Release|Any CPU
		{975B4DC6-35EB-467E-BA3C-5F62B95B81F8}.Release|x86.ActiveCfg = Release|Any CPU
		{975B4DC6-35EB-467E-BA3C-5F62B95B81F8}.Release|x86.Build.0 = Release|Any CPU
		{4455A780-B34E-427F-99FE-FFA1584067F4}.Debug|Any CPU.ActiveCfg = Debug|Any CPU
		{4455A780-B34E-427F-99FE-FFA1584067F4}.Debug|Any CPU.Build.0 = Debug|Any CPU
		{4455A780-B34E-427F-99FE-FFA1584067F4}.Debug|x64.ActiveCfg = Debug|Any CPU
		{4455A780-B34E-427F-99FE-FFA1584067F4}.Debug|x64.Build.0 = Debug|Any CPU
		{4455A780-B34E-427F-99FE-FFA1584067F4}.Debug|x86.ActiveCfg = Debug|Any CPU
		{4455A780-B34E-427F-99FE-FFA1584067F4}.Debug|x86.Build.0 = Debug|Any CPU
		{4455A780-B34E-427F-99FE-FFA1584067F4}.Release|Any CPU.ActiveCfg = Release|Any CPU
		{4455A780-B34E-427F-99FE-FFA1584067F4}.Release|Any CPU.Build.0 = Release|Any CPU
		{4455A780-B34E-427F-99FE-FFA1584067F4}.Release|x64.ActiveCfg = Release|Any CPU
		{4455A780-B34E-427F-99FE-FFA1584067F4}.Release|x64.Build.0 = Release|Any CPU
		{4455A780-B34E-427F-99FE-FFA1584067F4}.Release|x86.ActiveCfg = Release|Any CPU
		{4455A780-B34E-427F-99FE-FFA1584067F4}.Release|x86.Build.0 = Release|Any CPU
		{235D5439-CF9F-40B2-8211-31CD781BBA7C}.Debug|Any CPU.ActiveCfg = Debug|Any CPU
		{235D5439-CF9F-40B2-8211-31CD781BBA7C}.Debug|Any CPU.Build.0 = Debug|Any CPU
		{235D5439-CF9F-40B2-8211-31CD781BBA7C}.Debug|x64.ActiveCfg = Debug|Any CPU
		{235D5439-CF9F-40B2-8211-31CD781BBA7C}.Debug|x64.Build.0 = Debug|Any CPU
		{235D5439-CF9F-40B2-8211-31CD781BBA7C}.Debug|x86.ActiveCfg = Debug|Any CPU
		{235D5439-CF9F-40B2-8211-31CD781BBA7C}.Debug|x86.Build.0 = Debug|Any CPU
		{235D5439-CF9F-40B2-8211-31CD781BBA7C}.Release|Any CPU.ActiveCfg = Release|Any CPU
		{235D5439-CF9F-40B2-8211-31CD781BBA7C}.Release|Any CPU.Build.0 = Release|Any CPU
		{235D5439-CF9F-40B2-8211-31CD781BBA7C}.Release|x64.ActiveCfg = Release|Any CPU
		{235D5439-CF9F-40B2-8211-31CD781BBA7C}.Release|x64.Build.0 = Release|Any CPU
		{235D5439-CF9F-40B2-8211-31CD781BBA7C}.Release|x86.ActiveCfg = Release|Any CPU
		{235D5439-CF9F-40B2-8211-31CD781BBA7C}.Release|x86.Build.0 = Release|Any CPU
		{60F9209B-D70B-498F-8BB9-8E1FB019699E}.Debug|Any CPU.ActiveCfg = Debug|Any CPU
		{60F9209B-D70B-498F-8BB9-8E1FB019699E}.Debug|Any CPU.Build.0 = Debug|Any CPU
		{60F9209B-D70B-498F-8BB9-8E1FB019699E}.Debug|x64.ActiveCfg = Debug|Any CPU
		{60F9209B-D70B-498F-8BB9-8E1FB019699E}.Debug|x64.Build.0 = Debug|Any CPU
		{60F9209B-D70B-498F-8BB9-8E1FB019699E}.Debug|x86.ActiveCfg = Debug|Any CPU
		{60F9209B-D70B-498F-8BB9-8E1FB019699E}.Debug|x86.Build.0 = Debug|Any CPU
		{60F9209B-D70B-498F-8BB9-8E1FB019699E}.Release|Any CPU.ActiveCfg = Release|Any CPU
		{60F9209B-D70B-498F-8BB9-8E1FB019699E}.Release|Any CPU.Build.0 = Release|Any CPU
		{60F9209B-D70B-498F-8BB9-8E1FB019699E}.Release|x64.ActiveCfg = Release|Any CPU
		{60F9209B-D70B-498F-8BB9-8E1FB019699E}.Release|x64.Build.0 = Release|Any CPU
		{60F9209B-D70B-498F-8BB9-8E1FB019699E}.Release|x86.ActiveCfg = Release|Any CPU
		{60F9209B-D70B-498F-8BB9-8E1FB019699E}.Release|x86.Build.0 = Release|Any CPU
		{E567ED9C-D56B-4334-BBBC-22855F7323C4}.Debug|Any CPU.ActiveCfg = Debug|Any CPU
		{E567ED9C-D56B-4334-BBBC-22855F7323C4}.Debug|Any CPU.Build.0 = Debug|Any CPU
		{E567ED9C-D56B-4334-BBBC-22855F7323C4}.Debug|x64.ActiveCfg = Debug|Any CPU
		{E567ED9C-D56B-4334-BBBC-22855F7323C4}.Debug|x64.Build.0 = Debug|Any CPU
		{E567ED9C-D56B-4334-BBBC-22855F7323C4}.Debug|x86.ActiveCfg = Debug|Any CPU
		{E567ED9C-D56B-4334-BBBC-22855F7323C4}.Debug|x86.Build.0 = Debug|Any CPU
		{E567ED9C-D56B-4334-BBBC-22855F7323C4}.Release|Any CPU.ActiveCfg = Release|Any CPU
		{E567ED9C-D56B-4334-BBBC-22855F7323C4}.Release|Any CPU.Build.0 = Release|Any CPU
		{E567ED9C-D56B-4334-BBBC-22855F7323C4}.Release|x64.ActiveCfg = Release|Any CPU
		{E567ED9C-D56B-4334-BBBC-22855F7323C4}.Release|x64.Build.0 = Release|Any CPU
		{E567ED9C-D56B-4334-BBBC-22855F7323C4}.Release|x86.ActiveCfg = Release|Any CPU
		{E567ED9C-D56B-4334-BBBC-22855F7323C4}.Release|x86.Build.0 = Release|Any CPU
		{AAB9F6DE-50AD-4640-A356-9242D7FFADF1}.Debug|Any CPU.ActiveCfg = Debug|Any CPU
		{AAB9F6DE-50AD-4640-A356-9242D7FFADF1}.Debug|Any CPU.Build.0 = Debug|Any CPU
		{AAB9F6DE-50AD-4640-A356-9242D7FFADF1}.Debug|x64.ActiveCfg = Debug|Any CPU
		{AAB9F6DE-50AD-4640-A356-9242D7FFADF1}.Debug|x64.Build.0 = Debug|Any CPU
		{AAB9F6DE-50AD-4640-A356-9242D7FFADF1}.Debug|x86.ActiveCfg = Debug|Any CPU
		{AAB9F6DE-50AD-4640-A356-9242D7FFADF1}.Debug|x86.Build.0 = Debug|Any CPU
		{AAB9F6DE-50AD-4640-A356-9242D7FFADF1}.Release|Any CPU.ActiveCfg = Release|Any CPU
		{AAB9F6DE-50AD-4640-A356-9242D7FFADF1}.Release|Any CPU.Build.0 = Release|Any CPU
		{AAB9F6DE-50AD-4640-A356-9242D7FFADF1}.Release|x64.ActiveCfg = Release|Any CPU
		{AAB9F6DE-50AD-4640-A356-9242D7FFADF1}.Release|x64.Build.0 = Release|Any CPU
		{AAB9F6DE-50AD-4640-A356-9242D7FFADF1}.Release|x86.ActiveCfg = Release|Any CPU
		{AAB9F6DE-50AD-4640-A356-9242D7FFADF1}.Release|x86.Build.0 = Release|Any CPU
		{069E9EBF-0D88-41C2-89E7-D5BD8A88A2BE}.Debug|Any CPU.ActiveCfg = Debug|Any CPU
		{069E9EBF-0D88-41C2-89E7-D5BD8A88A2BE}.Debug|Any CPU.Build.0 = Debug|Any CPU
		{069E9EBF-0D88-41C2-89E7-D5BD8A88A2BE}.Debug|x64.ActiveCfg = Debug|Any CPU
		{069E9EBF-0D88-41C2-89E7-D5BD8A88A2BE}.Debug|x64.Build.0 = Debug|Any CPU
		{069E9EBF-0D88-41C2-89E7-D5BD8A88A2BE}.Debug|x86.ActiveCfg = Debug|Any CPU
		{069E9EBF-0D88-41C2-89E7-D5BD8A88A2BE}.Debug|x86.Build.0 = Debug|Any CPU
		{069E9EBF-0D88-41C2-89E7-D5BD8A88A2BE}.Release|Any CPU.ActiveCfg = Release|Any CPU
		{069E9EBF-0D88-41C2-89E7-D5BD8A88A2BE}.Release|Any CPU.Build.0 = Release|Any CPU
		{069E9EBF-0D88-41C2-89E7-D5BD8A88A2BE}.Release|x64.ActiveCfg = Release|Any CPU
		{069E9EBF-0D88-41C2-89E7-D5BD8A88A2BE}.Release|x64.Build.0 = Release|Any CPU
		{069E9EBF-0D88-41C2-89E7-D5BD8A88A2BE}.Release|x86.ActiveCfg = Release|Any CPU
		{069E9EBF-0D88-41C2-89E7-D5BD8A88A2BE}.Release|x86.Build.0 = Release|Any CPU
		{F0D5165C-8A9E-4956-83BD-AAF2E0A3404B}.Debug|Any CPU.ActiveCfg = Debug|Any CPU
		{F0D5165C-8A9E-4956-83BD-AAF2E0A3404B}.Debug|Any CPU.Build.0 = Debug|Any CPU
		{F0D5165C-8A9E-4956-83BD-AAF2E0A3404B}.Debug|x64.ActiveCfg = Debug|Any CPU
		{F0D5165C-8A9E-4956-83BD-AAF2E0A3404B}.Debug|x64.Build.0 = Debug|Any CPU
		{F0D5165C-8A9E-4956-83BD-AAF2E0A3404B}.Debug|x86.ActiveCfg = Debug|Any CPU
		{F0D5165C-8A9E-4956-83BD-AAF2E0A3404B}.Debug|x86.Build.0 = Debug|Any CPU
		{F0D5165C-8A9E-4956-83BD-AAF2E0A3404B}.Release|Any CPU.ActiveCfg = Release|Any CPU
		{F0D5165C-8A9E-4956-83BD-AAF2E0A3404B}.Release|Any CPU.Build.0 = Release|Any CPU
		{F0D5165C-8A9E-4956-83BD-AAF2E0A3404B}.Release|x64.ActiveCfg = Release|Any CPU
		{F0D5165C-8A9E-4956-83BD-AAF2E0A3404B}.Release|x64.Build.0 = Release|Any CPU
		{F0D5165C-8A9E-4956-83BD-AAF2E0A3404B}.Release|x86.ActiveCfg = Release|Any CPU
		{F0D5165C-8A9E-4956-83BD-AAF2E0A3404B}.Release|x86.Build.0 = Release|Any CPU
	EndGlobalSection
	GlobalSection(SolutionProperties) = preSolution
		HideSolutionNode = FALSE
	EndGlobalSection
	GlobalSection(NestedProjects) = preSolution
		{268055F9-2E4E-484C-8645-777CD3D81F09} = {827E0CD3-B72D-47B6-A68D-7590B98EB39B}
		{6D0507DD-111C-4679-B757-0AA0A952A9AC} = {827E0CD3-B72D-47B6-A68D-7590B98EB39B}
		{B67BA874-DC56-44C9-B057-A49C474ED35A} = {827E0CD3-B72D-47B6-A68D-7590B98EB39B}
		{8B541FF9-5B5D-4F5F-8966-E5B07C034A77} = {827E0CD3-B72D-47B6-A68D-7590B98EB39B}
		{F9437149-07A2-4143-806D-28813A4C8A83} = {827E0CD3-B72D-47B6-A68D-7590B98EB39B}
		{5845FE66-4C41-49CE-882D-8D0A545A6EBC} = {827E0CD3-B72D-47B6-A68D-7590B98EB39B}
		{DC0FF3E3-DBC5-4BDF-8E88-91978029B38A} = {827E0CD3-B72D-47B6-A68D-7590B98EB39B}
		{975B4DC6-35EB-467E-BA3C-5F62B95B81F8} = {827E0CD3-B72D-47B6-A68D-7590B98EB39B}
		{4455A780-B34E-427F-99FE-FFA1584067F4} = {827E0CD3-B72D-47B6-A68D-7590B98EB39B}
		{235D5439-CF9F-40B2-8211-31CD781BBA7C} = {827E0CD3-B72D-47B6-A68D-7590B98EB39B}
		{60F9209B-D70B-498F-8BB9-8E1FB019699E} = {0AB3BF05-4346-4AA6-1389-037BE0695223}
		{E567ED9C-D56B-4334-BBBC-22855F7323C4} = {0AB3BF05-4346-4AA6-1389-037BE0695223}
		{AAB9F6DE-50AD-4640-A356-9242D7FFADF1} = {0AB3BF05-4346-4AA6-1389-037BE0695223}
		{069E9EBF-0D88-41C2-89E7-D5BD8A88A2BE} = {0AB3BF05-4346-4AA6-1389-037BE0695223}
		{F0D5165C-8A9E-4956-83BD-AAF2E0A3404B} = {0AB3BF05-4346-4AA6-1389-037BE0695223}
	EndGlobalSection
EndGlobal
